
Microsoft Visual Studio Solution File, Format Version 12.00
# Visual Studio Version 16
VisualStudioVersion = 16.0.31515.178
MinimumVisualStudioVersion = 10.0.40219.1
Project("{FAE04EC0-301F-11D3-BF4B-00C04F79EFBC}") = "WpfApp", "WpfApp\WpfApp.csproj", "{2715301E-51C1-4F78-958F-88E90C986733}"
EndProject
Global
	GlobalSection(SolutionConfigurationPlatforms) = preSolution
		Debug|Any CPU = Debug|Any CPU
		Release|Any CPU = Release|Any CPU
	EndGlobalSection
	GlobalSection(ProjectConfigurationPlatforms) = postSolution
		{2715301E-51C1-4F78-958F-88E90C986733}.Debug|Any CPU.ActiveCfg = Debug|Any CPU
		{2715301E-51C1-4F78-958F-88E90C986733}.Debug|Any CPU.Build.0 = Debug|Any CPU
		{2715301E-51C1-4F78-958F-88E90C986733}.Release|Any CPU.ActiveCfg = Release|Any CPU
		{2715301E-51C1-4F78-958F-88E90C986733}.Release|Any CPU.Build.0 = Release|Any CPU
	EndGlobalSection
	GlobalSection(SolutionProperties) = preSolution
		HideSolutionNode = FALSE
	EndGlobalSection
	GlobalSection(ExtensibilityGlobals) = postSolution
		SolutionGuid = {EA53B634-6507-4CDC-BF49-D94E69C444F0}
	EndGlobalSection
EndGlobal
